{
  "name": "semantic-web",
  "version": "1.0.0",
  "lockfileVersion": 1,
  "requires": true,
  "dependencies": {
    "n3": {
      "version": "0.11.3",
      "resolved": "https://registry.npmjs.org/n3/-/n3-0.11.3.tgz",
      "integrity": "sha512-Hk5GSXBeAZrYoqi+NeS/U0H47Hx0Lzj7K6nLWCZpC9E04iUwEwBcrlMb/5foAli7QF4newPNQQQGgM6IAxTxGg=="
    },
    "turtle-validator": {
      "version": "1.0.2",
      "resolved": "https://registry.npmjs.org/turtle-validator/-/turtle-validator-1.0.2.tgz",
      "integrity": "sha512-QqgWUNuQewFTq4oHbJFjjI6nVXfxscfEKNx92XRUljvvIzXI9s6SfwaJhp9KEYUrKF5x9ubm6SIomSzUvK8GzQ==",
      "requires": {
        "n3": "^0.11.x"
      }
    }
  }
}
